
Microsoft Visual Studio Solution File, Format Version 12.00
# Visual Studio Version 16
VisualStudioVersion = 16.0.30804.86
MinimumVisualStudioVersion = 10.0.40219.1
Project("{FAE04EC0-301F-11D3-BF4B-00C04F79EFBC}") = "Uitleen", "Uitleen\Uitleen.csproj", "{8B8AA335-4EF3-4B51-AD06-724ABB4A8B7B}"
EndProject
Global
	GlobalSection(SolutionConfigurationPlatforms) = preSolution
		Debug|Any CPU = Debug|Any CPU
		Release|Any CPU = Release|Any CPU
	EndGlobalSection
	GlobalSection(ProjectConfigurationPlatforms) = postSolution
		{8B8AA335-4EF3-4B51-AD06-724ABB4A8B7B}.Debug|Any CPU.ActiveCfg = Debug|Any CPU
		{8B8AA335-4EF3-4B51-AD06-724ABB4A8B7B}.Debug|Any CPU.Build.0 = Debug|Any CPU
		{8B8AA335-4EF3-4B51-AD06-724ABB4A8B7B}.Release|Any CPU.ActiveCfg = Release|Any CPU
		{8B8AA335-4EF3-4B51-AD06-724ABB4A8B7B}.Release|Any CPU.Build.0 = Release|Any CPU
	EndGlobalSection
	GlobalSection(SolutionProperties) = preSolution
		HideSolutionNode = FALSE
	EndGlobalSection
	GlobalSection(ExtensibilityGlobals) = postSolution
		SolutionGuid = {ADC531AF-4295-4A14-9644-B99306846F7B}
	EndGlobalSection
EndGlobal
